
Microsoft Visual Studio Solution File, Format Version 12.00
# Visual Studio Version 17
VisualStudioVersion = 17.14.36310.24 d17.14
MinimumVisualStudioVersion = 10.0.40219.1
Project("{888888A0-9F3D-457C-B088-3A5042F75D52}") = "PythonInsertionSortRecursive", "PythonInsertionSortRecursive\PythonInsertionSortRecursive.pyproj", "{9E242A3D-4576-436E-A2B0-CEE06D413BF8}"
EndProject
Global
	GlobalSection(SolutionConfigurationPlatforms) = preSolution
		Debug|Any CPU = Debug|Any CPU
		Release|Any CPU = Release|Any CPU
	EndGlobalSection
	GlobalSection(ProjectConfigurationPlatforms) = postSolution
		{9E242A3D-4576-436E-A2B0-CEE06D413BF8}.Debug|Any CPU.ActiveCfg = Debug|Any CPU
		{9E242A3D-4576-436E-A2B0-CEE06D413BF8}.Release|Any CPU.ActiveCfg = Release|Any CPU
	EndGlobalSection
	GlobalSection(SolutionProperties) = preSolution
		HideSolutionNode = FALSE
	EndGlobalSection
	GlobalSection(ExtensibilityGlobals) = postSolution
		SolutionGuid = {84A68B67-F3E9-49CC-95F9-A21DD51C44D4}
	EndGlobalSection
EndGlobal
